// !$*UTF8*$!
{
	archiveVersion = 1;
	classes = {
	};
	objectVersion = 56;
	objects = {

/* Begin PBXBuildFile section */
		12AB49EF2A34EFDB002DD25B /* Materials.swift in Sources */ = {isa = PBXBuildFile; fileRef = 12AB49EE2A34EFDB002DD25B /* Materials.swift */; };
		590BE247C9BAEDF9B150FFCF /* Pods_Trivia_Battle_Game.framework in Frameworks */ = {isa = PBXBuildFile; fileRef = 74292F684B42C64360E1CA92 /* Pods_Trivia_Battle_Game.framework */; };
		ED1E28BA2A391580001FE69D /* UserProfile.swift in Sources */ = {isa = PBXBuildFile; fileRef = ED1E28B92A391580001FE69D /* UserProfile.swift */; };
		ED243FD02A264FBA00309A71 /* MainView.swift in Sources */ = {isa = PBXBuildFile; fileRef = ED243FCF2A264FBA00309A71 /* MainView.swift */; };
		ED243FD42A26A13800309A71 /* Profile.swift in Sources */ = {isa = PBXBuildFile; fileRef = ED243FD32A26A13800309A71 /* Profile.swift */; };
		ED243FD62A26C80E00309A71 /* Question.swift in Sources */ = {isa = PBXBuildFile; fileRef = ED243FD52A26C80E00309A71 /* Question.swift */; };
		ED243FD92A26DDC700309A71 /* QuestionHelper.swift in Sources */ = {isa = PBXBuildFile; fileRef = ED243FD82A26DDC700309A71 /* QuestionHelper.swift */; };
		ED243FDB2A27142800309A71 /* Singleton.swift in Sources */ = {isa = PBXBuildFile; fileRef = ED243FDA2A27142800309A71 /* Singleton.swift */; };
		ED2573A02A241A2B00F6851E /* Enemy.swift in Sources */ = {isa = PBXBuildFile; fileRef = ED25739F2A241A2B00F6851E /* Enemy.swift */; };
		ED2573A22A241BC000F6851E /* TypePokemon.swift in Sources */ = {isa = PBXBuildFile; fileRef = ED2573A12A241BC000F6851E /* TypePokemon.swift */; };
		ED2841762A32368E00F37554 /* ChampionInfo.swift in Sources */ = {isa = PBXBuildFile; fileRef = ED2841752A32368E00F37554 /* ChampionInfo.swift */; };
		ED2841782A3236CD00F37554 /* Index.swift in Sources */ = {isa = PBXBuildFile; fileRef = ED2841772A3236CD00F37554 /* Index.swift */; };
		ED2A1F502A44E80B00DD035C /* InterstitialHelper.swift in Sources */ = {isa = PBXBuildFile; fileRef = ED2A1F4F2A44E80B00DD035C /* InterstitialHelper.swift */; };
		ED2D3CAC2A30145A007B0FE7 /* GoogleService-Info.plist in Resources */ = {isa = PBXBuildFile; fileRef = ED2D3CAB2A30145A007B0FE7 /* GoogleService-Info.plist */; };
		ED2D3CAF2A304064007B0FE7 /* FirebaseAuth in Frameworks */ = {isa = PBXBuildFile; productRef = ED2D3CAE2A304064007B0FE7 /* FirebaseAuth */; };
		ED2D3CB12A304064007B0FE7 /* FirebaseFirestore in Frameworks */ = {isa = PBXBuildFile; productRef = ED2D3CB02A304064007B0FE7 /* FirebaseFirestore */; };
		ED2D3CB32A304064007B0FE7 /* FirebaseFirestoreSwift in Frameworks */ = {isa = PBXBuildFile; productRef = ED2D3CB22A304064007B0FE7 /* FirebaseFirestoreSwift */; };
		ED2D3CB52A304064007B0FE7 /* FirebaseStorage in Frameworks */ = {isa = PBXBuildFile; productRef = ED2D3CB42A304064007B0FE7 /* FirebaseStorage */; };
		ED3C74882A30F37A00C6AE63 /* FireDBHelper.swift in Sources */ = {isa = PBXBuildFile; fileRef = ED3C74872A30F37A00C6AE63 /* FireDBHelper.swift */; };
		ED3C748A2A30FFC600C6AE63 /* FireAuthHelper.swift in Sources */ = {isa = PBXBuildFile; fileRef = ED3C74892A30FFC600C6AE63 /* FireAuthHelper.swift */; };
		ED6A40B72A230CFE009564D1 /* Trivia_Battle_GameApp.swift in Sources */ = {isa = PBXBuildFile; fileRef = ED6A40B62A230CFE009564D1 /* Trivia_Battle_GameApp.swift */; };
		ED6A40BB2A230CFF009564D1 /* Assets.xcassets in Resources */ = {isa = PBXBuildFile; fileRef = ED6A40BA2A230CFF009564D1 /* Assets.xcassets */; };
		ED6A40BE2A230CFF009564D1 /* Preview Assets.xcassets in Resources */ = {isa = PBXBuildFile; fileRef = ED6A40BD2A230CFF009564D1 /* Preview Assets.xcassets */; };
		ED6A40D12A230F43009564D1 /* Equipment.swift in Sources */ = {isa = PBXBuildFile; fileRef = ED6A40D02A230F43009564D1 /* Equipment.swift */; };
		ED8E6F682A426404003BFEFC /* NotificationHelper.swift in Sources */ = {isa = PBXBuildFile; fileRef = ED8E6F672A426404003BFEFC /* NotificationHelper.swift */; };
/* End PBXBuildFile section */

/* Begin PBXFileReference section */
		12AB49EE2A34EFDB002DD25B /* Materials.swift */ = {isa = PBXFileReference; lastKnownFileType = sourcecode.swift; path = Materials.swift; sourceTree = "<group>"; };
		74292F684B42C64360E1CA92 /* Pods_Trivia_Battle_Game.framework */ = {isa = PBXFileReference; explicitFileType = wrapper.framework; includeInIndex = 0; path = Pods_Trivia_Battle_Game.framework; sourceTree = BUILT_PRODUCTS_DIR; };
		AF6A306B8B4FBE488E640B71 /* Pods-Trivia Battle Game.release.xcconfig */ = {isa = PBXFileReference; includeInIndex = 1; lastKnownFileType = text.xcconfig; name = "Pods-Trivia Battle Game.release.xcconfig"; path = "Target Support Files/Pods-Trivia Battle Game/Pods-Trivia Battle Game.release.xcconfig"; sourceTree = "<group>"; };
		C76156CD28AAB5DB70CB57B1 /* Pods-Trivia Battle Game.debug.xcconfig */ = {isa = PBXFileReference; includeInIndex = 1; lastKnownFileType = text.xcconfig; name = "Pods-Trivia Battle Game.debug.xcconfig"; path = "Target Support Files/Pods-Trivia Battle Game/Pods-Trivia Battle Game.debug.xcconfig"; sourceTree = "<group>"; };
		ED1E28B92A391580001FE69D /* UserProfile.swift */ = {isa = PBXFileReference; lastKnownFileType = sourcecode.swift; path = UserProfile.swift; sourceTree = "<group>"; };
		ED243FCF2A264FBA00309A71 /* MainView.swift */ = {isa = PBXFileReference; lastKnownFileType = sourcecode.swift; path = MainView.swift; sourceTree = "<group>"; };
		ED243FD32A26A13800309A71 /* Profile.swift */ = {isa = PBXFileReference; lastKnownFileType = sourcecode.swift; path = Profile.swift; sourceTree = "<group>"; };
		ED243FD52A26C80E00309A71 /* Question.swift */ = {isa = PBXFileReference; lastKnownFileType = sourcecode.swift; path = Question.swift; sourceTree = "<group>"; };
		ED243FD82A26DDC700309A71 /* QuestionHelper.swift */ = {isa = PBXFileReference; lastKnownFileType = sourcecode.swift; path = QuestionHelper.swift; sourceTree = "<group>"; };
		ED243FDA2A27142800309A71 /* Singleton.swift */ = {isa = PBXFileReference; lastKnownFileType = sourcecode.swift; path = Singleton.swift; sourceTree = "<group>"; };
		ED25739F2A241A2B00F6851E /* Enemy.swift */ = {isa = PBXFileReference; lastKnownFileType = sourcecode.swift; path = Enemy.swift; sourceTree = "<group>"; };
		ED2573A12A241BC000F6851E /* TypePokemon.swift */ = {isa = PBXFileReference; lastKnownFileType = sourcecode.swift; path = TypePokemon.swift; sourceTree = "<group>"; };
		ED2841752A32368E00F37554 /* ChampionInfo.swift */ = {isa = PBXFileReference; lastKnownFileType = sourcecode.swift; path = ChampionInfo.swift; sourceTree = "<group>"; };
		ED2841772A3236CD00F37554 /* Index.swift */ = {isa = PBXFileReference; lastKnownFileType = sourcecode.swift; path = Index.swift; sourceTree = "<group>"; };
		ED2A1F4F2A44E80B00DD035C /* InterstitialHelper.swift */ = {isa = PBXFileReference; lastKnownFileType = sourcecode.swift; path = InterstitialHelper.swift; sourceTree = "<group>"; };
		ED2D3CAB2A30145A007B0FE7 /* GoogleService-Info.plist */ = {isa = PBXFileReference; fileEncoding = 4; lastKnownFileType = text.plist.xml; path = "GoogleService-Info.plist"; sourceTree = "<group>"; };
		ED3C74872A30F37A00C6AE63 /* FireDBHelper.swift */ = {isa = PBXFileReference; lastKnownFileType = sourcecode.swift; path = FireDBHelper.swift; sourceTree = "<group>"; };
		ED3C74892A30FFC600C6AE63 /* FireAuthHelper.swift */ = {isa = PBXFileReference; lastKnownFileType = sourcecode.swift; path = FireAuthHelper.swift; sourceTree = "<group>"; };
		ED3DAA0B2A24419600B60527 /* Trivia-Battle-Game-Info.plist */ = {isa = PBXFileReference; lastKnownFileType = text.plist; path = "Trivia-Battle-Game-Info.plist"; sourceTree = SOURCE_ROOT; };
		ED6A40B32A230CFE009564D1 /* Trivia Battle Game.app */ = {isa = PBXFileReference; explicitFileType = wrapper.application; includeInIndex = 0; path = "Trivia Battle Game.app"; sourceTree = BUILT_PRODUCTS_DIR; };
		ED6A40B62A230CFE009564D1 /* Trivia_Battle_GameApp.swift */ = {isa = PBXFileReference; lastKnownFileType = sourcecode.swift; path = Trivia_Battle_GameApp.swift; sourceTree = "<group>"; };
		ED6A40BA2A230CFF009564D1 /* Assets.xcassets */ = {isa = PBXFileReference; lastKnownFileType = folder.assetcatalog; path = Assets.xcassets; sourceTree = "<group>"; };
		ED6A40BD2A230CFF009564D1 /* Preview Assets.xcassets */ = {isa = PBXFileReference; lastKnownFileType = folder.assetcatalog; path = "Preview Assets.xcassets"; sourceTree = "<group>"; };
		ED6A40D02A230F43009564D1 /* Equipment.swift */ = {isa = PBXFileReference; lastKnownFileType = sourcecode.swift; path = Equipment.swift; sourceTree = "<group>"; };
		ED8E6F672A426404003BFEFC /* NotificationHelper.swift */ = {isa = PBXFileReference; lastKnownFileType = sourcecode.swift; path = NotificationHelper.swift; sourceTree = "<group>"; };
/* End PBXFileReference section */

/* Begin PBXFrameworksBuildPhase section */
		ED6A40B02A230CFE009564D1 /* Frameworks */ = {
			isa = PBXFrameworksBuildPhase;
			buildActionMask = 2147483647;
			files = (
				ED2D3CAF2A304064007B0FE7 /* FirebaseAuth in Frameworks */,
				ED2D3CB52A304064007B0FE7 /* FirebaseStorage in Frameworks */,
				ED2D3CB12A304064007B0FE7 /* FirebaseFirestore in Frameworks */,
				ED2D3CB32A304064007B0FE7 /* FirebaseFirestoreSwift in Frameworks */,
				590BE247C9BAEDF9B150FFCF /* Pods_Trivia_Battle_Game.framework in Frameworks */,
			);
			runOnlyForDeploymentPostprocessing = 0;
		};
/* End PBXFrameworksBuildPhase section */

/* Begin PBXGroup section */
		5EDBB67174A4426991668C7D /* Frameworks */ = {
			isa = PBXGroup;
			children = (
				74292F684B42C64360E1CA92 /* Pods_Trivia_Battle_Game.framework */,
			);
			name = Frameworks;
			sourceTree = "<group>";
		};
		8DF0490F8A5A90DEBF09EF6C /* Pods */ = {
			isa = PBXGroup;
			children = (
				C76156CD28AAB5DB70CB57B1 /* Pods-Trivia Battle Game.debug.xcconfig */,
				AF6A306B8B4FBE488E640B71 /* Pods-Trivia Battle Game.release.xcconfig */,
			);
			path = Pods;
			sourceTree = "<group>";
		};
		ED243FD72A26DD8000309A71 /* Controllers */ = {
			isa = PBXGroup;
			children = (
				ED243FD82A26DDC700309A71 /* QuestionHelper.swift */,
				ED3C74872A30F37A00C6AE63 /* FireDBHelper.swift */,
				ED3C74892A30FFC600C6AE63 /* FireAuthHelper.swift */,
				ED8E6F672A426404003BFEFC /* NotificationHelper.swift */,
			);
			path = Controllers;
			sourceTree = "<group>";
		};
		ED6A40AA2A230CFE009564D1 = {
			isa = PBXGroup;
			children = (
				ED2D3CAB2A30145A007B0FE7 /* GoogleService-Info.plist */,
				ED6A40B52A230CFE009564D1 /* Trivia Battle Game */,
				ED6A40B42A230CFE009564D1 /* Products */,
				8DF0490F8A5A90DEBF09EF6C /* Pods */,
				5EDBB67174A4426991668C7D /* Frameworks */,
			);
			sourceTree = "<group>";
		};
		ED6A40B42A230CFE009564D1 /* Products */ = {
			isa = PBXGroup;
			children = (
				ED6A40B32A230CFE009564D1 /* Trivia Battle Game.app */,
			);
			name = Products;
			sourceTree = "<group>";
		};
		ED6A40B52A230CFE009564D1 /* Trivia Battle Game */ = {
			isa = PBXGroup;
			children = (
				ED3DAA0B2A24419600B60527 /* Trivia-Battle-Game-Info.plist */,
				ED243FD72A26DD8000309A71 /* Controllers */,
				ED6A40C52A230D5A009564D1 /* Model */,
				ED6A40C42A230D51009564D1 /* Views */,
				ED6A40B62A230CFE009564D1 /* Trivia_Battle_GameApp.swift */,
				ED6A40BA2A230CFF009564D1 /* Assets.xcassets */,
				ED6A40BC2A230CFF009564D1 /* Preview Content */,
			);
			path = "Trivia Battle Game";
			sourceTree = "<group>";
		};
		ED6A40BC2A230CFF009564D1 /* Preview Content */ = {
			isa = PBXGroup;
			children = (
				ED6A40BD2A230CFF009564D1 /* Preview Assets.xcassets */,
			);
			path = "Preview Content";
			sourceTree = "<group>";
		};
		ED6A40C42A230D51009564D1 /* Views */ = {
			isa = PBXGroup;
			children = (
				ED243FCF2A264FBA00309A71 /* MainView.swift */,
				ED243FD32A26A13800309A71 /* Profile.swift */,
			);
			path = Views;
			sourceTree = "<group>";
		};
		ED6A40C52A230D5A009564D1 /* Model */ = {
			isa = PBXGroup;
			children = (
				ED25739F2A241A2B00F6851E /* Enemy.swift */,
				ED2573A12A241BC000F6851E /* TypePokemon.swift */,
				ED243FD52A26C80E00309A71 /* Question.swift */,
				ED243FDA2A27142800309A71 /* Singleton.swift */,
				ED2841752A32368E00F37554 /* ChampionInfo.swift */,
				ED2841772A3236CD00F37554 /* Index.swift */,
				ED6A40D02A230F43009564D1 /* Equipment.swift */,
				12AB49EE2A34EFDB002DD25B /* Materials.swift */,
				ED1E28B92A391580001FE69D /* UserProfile.swift */,
				ED2A1F4F2A44E80B00DD035C /* InterstitialHelper.swift */,
			);
			path = Model;
			sourceTree = "<group>";
		};
/* End PBXGroup section */

/* Begin PBXNativeTarget section */
		ED6A40B22A230CFE009564D1 /* Trivia Battle Game */ = {
			isa = PBXNativeTarget;
			buildConfigurationList = ED6A40C12A230CFF009564D1 /* Build configuration list for PBXNativeTarget "Trivia Battle Game" */;
			buildPhases = (
				01E88DF62F387B690C80BDD0 /* [CP] Check Pods Manifest.lock */,
				ED6A40AF2A230CFE009564D1 /* Sources */,
				ED6A40B02A230CFE009564D1 /* Frameworks */,
				ED6A40B12A230CFE009564D1 /* Resources */,
				09E260D603D75DAE1A12EEE6 /* [CP] Embed Pods Frameworks */,
			);
			buildRules = (
			);
			dependencies = (
			);
			name = "Trivia Battle Game";
			packageProductDependencies = (
				ED2D3CAE2A304064007B0FE7 /* FirebaseAuth */,
				ED2D3CB02A304064007B0FE7 /* FirebaseFirestore */,
				ED2D3CB22A304064007B0FE7 /* FirebaseFirestoreSwift */,
				ED2D3CB42A304064007B0FE7 /* FirebaseStorage */,
			);
			productName = "Trivia Battle Game";
			productReference = ED6A40B32A230CFE009564D1 /* Trivia Battle Game.app */;
			productType = "com.apple.product-type.application";
		};
/* End PBXNativeTarget section */

/* Begin PBXProject section */
		ED6A40AB2A230CFE009564D1 /* Project object */ = {
			isa = PBXProject;
			attributes = {
				BuildIndependentTargetsInParallel = 1;
				LastSwiftUpdateCheck = 1420;
				LastUpgradeCheck = 1420;
				TargetAttributes = {
					ED6A40B22A230CFE009564D1 = {
						CreatedOnToolsVersion = 14.2;
					};
				};
			};
			buildConfigurationList = ED6A40AE2A230CFE009564D1 /* Build configuration list for PBXProject "Trivia Battle Game" */;
			compatibilityVersion = "Xcode 14.0";
			developmentRegion = en;
			hasScannedForEncodings = 0;
			knownRegions = (
				en,
				Base,
			);
			mainGroup = ED6A40AA2A230CFE009564D1;
			packageReferences = (
				ED2D3CAD2A304064007B0FE7 /* XCRemoteSwiftPackageReference "firebase-ios-sdk" */,
			);
			productRefGroup = ED6A40B42A230CFE009564D1 /* Products */;
			projectDirPath = "";
			projectRoot = "";
			targets = (
				ED6A40B22A230CFE009564D1 /* Trivia Battle Game */,
			);
		};
/* End PBXProject section */

/* Begin PBXResourcesBuildPhase section */
		ED6A40B12A230CFE009564D1 /* Resources */ = {
			isa = PBXResourcesBuildPhase;
			buildActionMask = 2147483647;
			files = (
				ED2D3CAC2A30145A007B0FE7 /* GoogleService-Info.plist in Resources */,
				ED6A40BE2A230CFF009564D1 /* Preview Assets.xcassets in Resources */,
				ED6A40BB2A230CFF009564D1 /* Assets.xcassets in Resources */,
			);
			runOnlyForDeploymentPostprocessing = 0;
		};
/* End PBXResourcesBuildPhase section */

/* Begin PBXShellScriptBuildPhase section */
		01E88DF62F387B690C80BDD0 /* [CP] Check Pods Manifest.lock */ = {
			isa = PBXShellScriptBuildPhase;
			buildActionMask = 2147483647;
			files = (
			);
			inputFileListPaths = (
			);
			inputPaths = (
				"${PODS_PODFILE_DIR_PATH}/Podfile.lock",
				"${PODS_ROOT}/Manifest.lock",
			);
			name = "[CP] Check Pods Manifest.lock";
			outputFileListPaths = (
			);
			outputPaths = (
				"$(DERIVED_FILE_DIR)/Pods-Trivia Battle Game-checkManifestLockResult.txt",
			);
			runOnlyForDeploymentPostprocessing = 0;
			shellPath = /bin/sh;
			shellScript = "diff \"${PODS_PODFILE_DIR_PATH}/Podfile.lock\" \"${PODS_ROOT}/Manifest.lock\" > /dev/null\nif [ $? != 0 ] ; then\n    # print error to STDERR\n    echo \"error: The sandbox is not in sync with the Podfile.lock. Run 'pod install' or update your CocoaPods installation.\" >&2\n    exit 1\nfi\n# This output is used by Xcode 'outputs' to avoid re-running this script phase.\necho \"SUCCESS\" > \"${SCRIPT_OUTPUT_FILE_0}\"\n";
			showEnvVarsInLog = 0;
		};
		09E260D603D75DAE1A12EEE6 /* [CP] Embed Pods Frameworks */ = {
			isa = PBXShellScriptBuildPhase;
			buildActionMask = 2147483647;
			files = (
			);
			inputFileListPaths = (
				"${PODS_ROOT}/Target Support Files/Pods-Trivia Battle Game/Pods-Trivia Battle Game-frameworks-${CONFIGURATION}-input-files.xcfilelist",
			);
			name = "[CP] Embed Pods Frameworks";
			outputFileListPaths = (
				"${PODS_ROOT}/Target Support Files/Pods-Trivia Battle Game/Pods-Trivia Battle Game-frameworks-${CONFIGURATION}-output-files.xcfilelist",
			);
			runOnlyForDeploymentPostprocessing = 0;
			shellPath = /bin/sh;
			shellScript = "\"${PODS_ROOT}/Target Support Files/Pods-Trivia Battle Game/Pods-Trivia Battle Game-frameworks.sh\"\n";
			showEnvVarsInLog = 0;
		};
/* End PBXShellScriptBuildPhase section */

/* Begin PBXSourcesBuildPhase section */
		ED6A40AF2A230CFE009564D1 /* Sources */ = {
			isa = PBXSourcesBuildPhase;
			buildActionMask = 2147483647;
			files = (
				12AB49EF2A34EFDB002DD25B /* Materials.swift in Sources */,
				ED243FD62A26C80E00309A71 /* Question.swift in Sources */,
				ED2A1F502A44E80B00DD035C /* InterstitialHelper.swift in Sources */,
				ED1E28BA2A391580001FE69D /* UserProfile.swift in Sources */,
				ED243FD02A264FBA00309A71 /* MainView.swift in Sources */,
				ED2841762A32368E00F37554 /* ChampionInfo.swift in Sources */,
				ED8E6F682A426404003BFEFC /* NotificationHelper.swift in Sources */,
				ED3C748A2A30FFC600C6AE63 /* FireAuthHelper.swift in Sources */,
				ED2573A22A241BC000F6851E /* TypePokemon.swift in Sources */,
				ED243FD42A26A13800309A71 /* Profile.swift in Sources */,
				ED3C74882A30F37A00C6AE63 /* FireDBHelper.swift in Sources */,
				ED243FD92A26DDC700309A71 /* QuestionHelper.swift in Sources */,
				ED2841782A3236CD00F37554 /* Index.swift in Sources */,
				ED6A40B72A230CFE009564D1 /* Trivia_Battle_GameApp.swift in Sources */,
				ED2573A02A241A2B00F6851E /* Enemy.swift in Sources */,
				ED243FDB2A27142800309A71 /* Singleton.swift in Sources */,
				ED6A40D12A230F43009564D1 /* Equipment.swift in Sources */,
			);
			runOnlyForDeploymentPostprocessing = 0;
		};
/* End PBXSourcesBuildPhase section */

/* Begin XCBuildConfiguration section */
		ED6A40BF2A230CFF009564D1 /* Debug */ = {
			isa = XCBuildConfiguration;
			buildSettings = {
				ALWAYS_SEARCH_USER_PATHS = NO;
				CLANG_ANALYZER_NONNULL = YES;
				CLANG_ANALYZER_NUMBER_OBJECT_CONVERSION = YES_AGGRESSIVE;
				CLANG_CXX_LANGUAGE_STANDARD = "gnu++20";
				CLANG_ENABLE_MODULES = YES;
				CLANG_ENABLE_OBJC_ARC = YES;
				CLANG_ENABLE_OBJC_WEAK = YES;
				CLANG_WARN_BLOCK_CAPTURE_AUTORELEASING = YES;
				CLANG_WARN_BOOL_CONVERSION = YES;
				CLANG_WARN_COMMA = YES;
				CLANG_WARN_CONSTANT_CONVERSION = YES;
				CLANG_WARN_DEPRECATED_OBJC_IMPLEMENTATIONS = YES;
				CLANG_WARN_DIRECT_OBJC_ISA_USAGE = YES_ERROR;
				CLANG_WARN_DOCUMENTATION_COMMENTS = YES;
				CLANG_WARN_EMPTY_BODY = YES;
				CLANG_WARN_ENUM_CONVERSION = YES;
				CLANG_WARN_INFINITE_RECURSION = YES;
				CLANG_WARN_INT_CONVERSION = YES;
				CLANG_WARN_NON_LITERAL_NULL_CONVERSION = YES;
				CLANG_WARN_OBJC_IMPLICIT_RETAIN_SELF = YES;
				CLANG_WARN_OBJC_LITERAL_CONVERSION = YES;
				CLANG_WARN_OBJC_ROOT_CLASS = YES_ERROR;
				CLANG_WARN_QUOTED_INCLUDE_IN_FRAMEWORK_HEADER = YES;
				CLANG_WARN_RANGE_LOOP_ANALYSIS = YES;
				CLANG_WARN_STRICT_PROTOTYPES = YES;
				CLANG_WARN_SUSPICIOUS_MOVE = YES;
				CLANG_WARN_UNGUARDED_AVAILABILITY = YES_AGGRESSIVE;
				CLANG_WARN_UNREACHABLE_CODE = YES;
				CLANG_WARN__DUPLICATE_METHOD_MATCH = YES;
				COPY_PHASE_STRIP = NO;
				DEBUG_INFORMATION_FORMAT = dwarf;
				ENABLE_STRICT_OBJC_MSGSEND = YES;
				ENABLE_TESTABILITY = YES;
				GCC_C_LANGUAGE_STANDARD = gnu11;
				GCC_DYNAMIC_NO_PIC = NO;
				GCC_NO_COMMON_BLOCKS = YES;
				GCC_OPTIMIZATION_LEVEL = 0;
				GCC_PREPROCESSOR_DEFINITIONS = (
					"DEBUG=1",
					"$(inherited)",
				);
				GCC_WARN_64_TO_32_BIT_CONVERSION = YES;
				GCC_WARN_ABOUT_RETURN_TYPE = YES_ERROR;
				GCC_WARN_UNDECLARED_SELECTOR = YES;
				GCC_WARN_UNINITIALIZED_AUTOS = YES_AGGRESSIVE;
				GCC_WARN_UNUSED_FUNCTION = YES;
				GCC_WARN_UNUSED_VARIABLE = YES;
				IPHONEOS_DEPLOYMENT_TARGET = 16.2;
				MTL_ENABLE_DEBUG_INFO = INCLUDE_SOURCE;
				MTL_FAST_MATH = YES;
				ONLY_ACTIVE_ARCH = YES;
				SDKROOT = iphoneos;
				SWIFT_ACTIVE_COMPILATION_CONDITIONS = DEBUG;
				SWIFT_OPTIMIZATION_LEVEL = "-Onone";
			};
			name = Debug;
		};
		ED6A40C02A230CFF009564D1 /* Release */ = {
			isa = XCBuildConfiguration;
			buildSettings = {
				ALWAYS_SEARCH_USER_PATHS = NO;
				CLANG_ANALYZER_NONNULL = YES;
				CLANG_ANALYZER_NUMBER_OBJECT_CONVERSION = YES_AGGRESSIVE;
				CLANG_CXX_LANGUAGE_STANDARD = "gnu++20";
				CLANG_ENABLE_MODULES = YES;
				CLANG_ENABLE_OBJC_ARC = YES;
				CLANG_ENABLE_OBJC_WEAK = YES;
				CLANG_WARN_BLOCK_CAPTURE_AUTORELEASING = YES;
				CLANG_WARN_BOOL_CONVERSION = YES;
				CLANG_WARN_COMMA = YES;
				CLANG_WARN_CONSTANT_CONVERSION = YES;
				CLANG_WARN_DEPRECATED_OBJC_IMPLEMENTATIONS = YES;
				CLANG_WARN_DIRECT_OBJC_ISA_USAGE = YES_ERROR;
				CLANG_WARN_DOCUMENTATION_COMMENTS = YES;
				CLANG_WARN_EMPTY_BODY = YES;
				CLANG_WARN_ENUM_CONVERSION = YES;
				CLANG_WARN_INFINITE_RECURSION = YES;
				CLANG_WARN_INT_CONVERSION = YES;
				CLANG_WARN_NON_LITERAL_NULL_CONVERSION = YES;
				CLANG_WARN_OBJC_IMPLICIT_RETAIN_SELF = YES;
				CLANG_WARN_OBJC_LITERAL_CONVERSION = YES;
				CLANG_WARN_OBJC_ROOT_CLASS = YES_ERROR;
				CLANG_WARN_QUOTED_INCLUDE_IN_FRAMEWORK_HEADER = YES;
				CLANG_WARN_RANGE_LOOP_ANALYSIS = YES;
				CLANG_WARN_STRICT_PROTOTYPES = YES;
				CLANG_WARN_SUSPICIOUS_MOVE = YES;
				CLANG_WARN_UNGUARDED_AVAILABILITY = YES_AGGRESSIVE;
				CLANG_WARN_UNREACHABLE_CODE = YES;
				CLANG_WARN__DUPLICATE_METHOD_MATCH = YES;
				COPY_PHASE_STRIP = NO;
				DEBUG_INFORMATION_FORMAT = "dwarf-with-dsym";
				ENABLE_NS_ASSERTIONS = NO;
				ENABLE_STRICT_OBJC_MSGSEND = YES;
				GCC_C_LANGUAGE_STANDARD = gnu11;
				GCC_NO_COMMON_BLOCKS = YES;
				GCC_WARN_64_TO_32_BIT_CONVERSION = YES;
				GCC_WARN_ABOUT_RETURN_TYPE = YES_ERROR;
				GCC_WARN_UNDECLARED_SELECTOR = YES;
				GCC_WARN_UNINITIALIZED_AUTOS = YES_AGGRESSIVE;
				GCC_WARN_UNUSED_FUNCTION = YES;
				GCC_WARN_UNUSED_VARIABLE = YES;
				IPHONEOS_DEPLOYMENT_TARGET = 16.2;
				MTL_ENABLE_DEBUG_INFO = NO;
				MTL_FAST_MATH = YES;
				SDKROOT = iphoneos;
				SWIFT_COMPILATION_MODE = wholemodule;
				SWIFT_OPTIMIZATION_LEVEL = "-O";
				VALIDATE_PRODUCT = YES;
			};
			name = Release;
		};
		ED6A40C22A230CFF009564D1 /* Debug */ = {
			isa = XCBuildConfiguration;
			baseConfigurationReference = C76156CD28AAB5DB70CB57B1 /* Pods-Trivia Battle Game.debug.xcconfig */;
			buildSettings = {
				ASSETCATALOG_COMPILER_APPICON_NAME = AppIcon;
				ASSETCATALOG_COMPILER_GLOBAL_ACCENT_COLOR_NAME = AccentColor;
				CODE_SIGN_STYLE = Automatic;
				CURRENT_PROJECT_VERSION = 1;
				DEVELOPMENT_ASSET_PATHS = "\"Trivia Battle Game/Preview Content\"";
				DEVELOPMENT_TEAM = 2LBKTW54VU;
				ENABLE_PREVIEWS = YES;
				GENERATE_INFOPLIST_FILE = YES;
				INFOPLIST_FILE = "Trivia-Battle-Game-Info.plist";
				INFOPLIST_KEY_UIApplicationSceneManifest_Generation = YES;
				INFOPLIST_KEY_UIApplicationSupportsIndirectInputEvents = YES;
				INFOPLIST_KEY_UILaunchScreen_Generation = YES;
				INFOPLIST_KEY_UISupportedInterfaceOrientations = "UIInterfaceOrientationLandscapeLeft UIInterfaceOrientationLandscapeRight";
				INFOPLIST_KEY_UISupportedInterfaceOrientations_iPad = "UIInterfaceOrientationLandscapeLeft UIInterfaceOrientationLandscapeRight UIInterfaceOrientationPortrait UIInterfaceOrientationPortraitUpsideDown";
				LD_RUNPATH_SEARCH_PATHS = (
					"$(inherited)",
					"@executable_path/Frameworks",
				);
				MARKETING_VERSION = 1.0;
				PRODUCT_BUNDLE_IDENTIFIER = "com.arnulfo.Trivia-Battle-Game";
				PRODUCT_NAME = "$(TARGET_NAME)";
				SWIFT_EMIT_LOC_STRINGS = YES;
				SWIFT_VERSION = 5.0;
				TARGETED_DEVICE_FAMILY = "1,2";
			};
			name = Debug;
		};
		ED6A40C32A230CFF009564D1 /* Release */ = {
			isa = XCBuildConfiguration;
			baseConfigurationReference = AF6A306B8B4FBE488E640B71 /* Pods-Trivia Battle Game.release.xcconfig */;
			buildSettings = {
				ASSETCATALOG_COMPILER_APPICON_NAME = AppIcon;
				ASSETCATALOG_COMPILER_GLOBAL_ACCENT_COLOR_NAME = AccentColor;
				CODE_SIGN_STYLE = Automatic;
				CURRENT_PROJECT_VERSION = 1;
				DEVELOPMENT_ASSET_PATHS = "\"Trivia Battle Game/Preview Content\"";
				DEVELOPMENT_TEAM = 2LBKTW54VU;
				ENABLE_PREVIEWS = YES;
				GENERATE_INFOPLIST_FILE = YES;
				INFOPLIST_FILE = "Trivia-Battle-Game-Info.plist";
				INFOPLIST_KEY_UIApplicationSceneManifest_Generation = YES;
				INFOPLIST_KEY_UIApplicationSupportsIndirectInputEvents = YES;
				INFOPLIST_KEY_UILaunchScreen_Generation = YES;
				INFOPLIST_KEY_UISupportedInterfaceOrientations = "UIInterfaceOrientationLandscapeLeft UIInterfaceOrientationLandscapeRight";
				INFOPLIST_KEY_UISupportedInterfaceOrientations_iPad = "UIInterfaceOrientationLandscapeLeft UIInterfaceOrientationLandscapeRight UIInterfaceOrientationPortrait UIInterfaceOrientationPortraitUpsideDown";
				LD_RUNPATH_SEARCH_PATHS = (
					"$(inherited)",
					"@executable_path/Frameworks",
				);
				MARKETING_VERSION = 1.0;
				PRODUCT_BUNDLE_IDENTIFIER = "com.arnulfo.Trivia-Battle-Game";
				PRODUCT_NAME = "$(TARGET_NAME)";
				SWIFT_EMIT_LOC_STRINGS = YES;
				SWIFT_VERSION = 5.0;
				TARGETED_DEVICE_FAMILY = "1,2";
			};
			name = Release;
		};
/* End XCBuildConfiguration section */

/* Begin XCConfigurationList section */
		ED6A40AE2A230CFE009564D1 /* Build configuration list for PBXProject "Trivia Battle Game" */ = {
			isa = XCConfigurationList;
			buildConfigurations = (
				ED6A40BF2A230CFF009564D1 /* Debug */,
				ED6A40C02A230CFF009564D1 /* Release */,
			);
			defaultConfigurationIsVisible = 0;
			defaultConfigurationName = Release;
		};
		ED6A40C12A230CFF009564D1 /* Build configuration list for PBXNativeTarget "Trivia Battle Game" */ = {
			isa = XCConfigurationList;
			buildConfigurations = (
				ED6A40C22A230CFF009564D1 /* Debug */,
				ED6A40C32A230CFF009564D1 /* Release */,
			);
			defaultConfigurationIsVisible = 0;
			defaultConfigurationName = Release;
		};
/* End XCConfigurationList section */

/* Begin XCRemoteSwiftPackageReference section */
		ED2D3CAD2A304064007B0FE7 /* XCRemoteSwiftPackageReference "firebase-ios-sdk" */ = {
			isa = XCRemoteSwiftPackageReference;
			repositoryURL = "https://github.com/firebase/firebase-ios-sdk";
			requirement = {
				kind = upToNextMajorVersion;
				minimumVersion = 9.0.0;
			};
		};
/* End XCRemoteSwiftPackageReference section */

/* Begin XCSwiftPackageProductDependency section */
		ED2D3CAE2A304064007B0FE7 /* FirebaseAuth */ = {
			isa = XCSwiftPackageProductDependency;
			package = ED2D3CAD2A304064007B0FE7 /* XCRemoteSwiftPackageReference "firebase-ios-sdk" */;
			productName = FirebaseAuth;
		};
		ED2D3CB02A304064007B0FE7 /* FirebaseFirestore */ = {
			isa = XCSwiftPackageProductDependency;
			package = ED2D3CAD2A304064007B0FE7 /* XCRemoteSwiftPackageReference "firebase-ios-sdk" */;
			productName = FirebaseFirestore;
		};
		ED2D3CB22A304064007B0FE7 /* FirebaseFirestoreSwift */ = {
			isa = XCSwiftPackageProductDependency;
			package = ED2D3CAD2A304064007B0FE7 /* XCRemoteSwiftPackageReference "firebase-ios-sdk" */;
			productName = FirebaseFirestoreSwift;
		};
		ED2D3CB42A304064007B0FE7 /* FirebaseStorage */ = {
			isa = XCSwiftPackageProductDependency;
			package = ED2D3CAD2A304064007B0FE7 /* XCRemoteSwiftPackageReference "firebase-ios-sdk" */;
			productName = FirebaseStorage;
		};
/* End XCSwiftPackageProductDependency section */
	};
	rootObject = ED6A40AB2A230CFE009564D1 /* Project object */;
}
