// !$*UTF8*$!
{
	archiveVersion = 1;
	classes = {
	};
	objectVersion = 56;
	objects = {

/* Begin PBXBuildFile section */
		120134E82A1A6E91007CF969 /* Group6_projectApp.swift in Sources */ = {isa = PBXBuildFile; fileRef = 120134E72A1A6E91007CF969 /* Group6_projectApp.swift */; };
		120134EA2A1A6E91007CF969 /* ContentView.swift in Sources */ = {isa = PBXBuildFile; fileRef = 120134E92A1A6E91007CF969 /* ContentView.swift */; };
		120134EC2A1A6E93007CF969 /* Assets.xcassets in Resources */ = {isa = PBXBuildFile; fileRef = 120134EB2A1A6E93007CF969 /* Assets.xcassets */; };
		120134EF2A1A6E93007CF969 /* Preview Assets.xcassets in Resources */ = {isa = PBXBuildFile; fileRef = 120134EE2A1A6E93007CF969 /* Preview Assets.xcassets */; };
		120134FD2A1E62CB007CF969 /* CraftingView.swift in Sources */ = {isa = PBXBuildFile; fileRef = 120134FC2A1E62CB007CF969 /* CraftingView.swift */; };
		120135012A1E67D6007CF969 /* Weapon.obj in Resources */ = {isa = PBXBuildFile; fileRef = 120135002A1E67D6007CF969 /* Weapon.obj */; };
		123C53172A201D30004E9C70 /* 13586_Steel.jpg in Resources */ = {isa = PBXBuildFile; fileRef = 123C53162A201D30004E9C70 /* 13586_Steel.jpg */; };
		123C531C2A21458F004E9C70 /* Widowmaker.obj in Resources */ = {isa = PBXBuildFile; fileRef = 123C531B2A21458F004E9C70 /* Widowmaker.obj */; };
		123C53202A214783004E9C70 /* Weapon.scn in Resources */ = {isa = PBXBuildFile; fileRef = 123C531F2A214783004E9C70 /* Weapon.scn */; };
		123C536B2A21486B004E9C70 /* Widow Body D.png in Resources */ = {isa = PBXBuildFile; fileRef = 123C536A2A21486B004E9C70 /* Widow Body D.png */; };
		123C536D2A2148A3004E9C70 /* Widow Hair D.png in Resources */ = {isa = PBXBuildFile; fileRef = 123C536C2A2148A3004E9C70 /* Widow Hair D.png */; };
		123C536F2A214949004E9C70 /* Widow Eyes D.png in Resources */ = {isa = PBXBuildFile; fileRef = 123C536E2A214949004E9C70 /* Widow Eyes D.png */; };
		123C53732A2149CF004E9C70 /* Widowmaker.scn in Resources */ = {isa = PBXBuildFile; fileRef = 123C53722A2149CF004E9C70 /* Widowmaker.scn */; };
		123C53792A239F1E004E9C70 /* Helmet.obj in Resources */ = {isa = PBXBuildFile; fileRef = 123C53782A239F1E004E9C70 /* Helmet.obj */; };
		123C537D2A23A0C3004E9C70 /* Helmet.scn in Resources */ = {isa = PBXBuildFile; fileRef = 123C537C2A23A0C3004E9C70 /* Helmet.scn */; };
		123C53822A23A57D004E9C70 /* 13601_Greaves_Armor_ver_C_holder_diff.jpg in Resources */ = {isa = PBXBuildFile; fileRef = 123C53802A23A57D004E9C70 /* 13601_Greaves_Armor_ver_C_holder_diff.jpg */; };
		123C53832A23A57D004E9C70 /* 13601_Greaves_Armor_ver_C_metal_diff.jpg in Resources */ = {isa = PBXBuildFile; fileRef = 123C53812A23A57D004E9C70 /* 13601_Greaves_Armor_ver_C_metal_diff.jpg */; };
		123C53852A23A66E004E9C70 /* Legs.obj in Resources */ = {isa = PBXBuildFile; fileRef = 123C53842A23A66E004E9C70 /* Legs.obj */; };
		123C53872A23A703004E9C70 /* Legs.scn in Resources */ = {isa = PBXBuildFile; fileRef = 123C53862A23A703004E9C70 /* Legs.scn */; };
		123C538D2A24161E004E9C70 /* 12307_Boots_diffuse.jpg in Resources */ = {isa = PBXBuildFile; fileRef = 123C538C2A24161E004E9C70 /* 12307_Boots_diffuse.jpg */; };
		123C53912A241727004E9C70 /* Boots.obj in Resources */ = {isa = PBXBuildFile; fileRef = 123C53902A241727004E9C70 /* Boots.obj */; };
		123C53932A241763004E9C70 /* Boots.scn in Resources */ = {isa = PBXBuildFile; fileRef = 123C53922A241763004E9C70 /* Boots.scn */; };
		123C53952A242FDE004E9C70 /* Armor.obj in Resources */ = {isa = PBXBuildFile; fileRef = 123C53942A242FDE004E9C70 /* Armor.obj */; };
		123C53972A243035004E9C70 /* Armor.scn in Resources */ = {isa = PBXBuildFile; fileRef = 123C53962A243035004E9C70 /* Armor.scn */; };
/* End PBXBuildFile section */

/* Begin PBXFileReference section */
		120134E42A1A6E91007CF969 /* Group6_project.app */ = {isa = PBXFileReference; explicitFileType = wrapper.application; includeInIndex = 0; path = Group6_project.app; sourceTree = BUILT_PRODUCTS_DIR; };
		120134E72A1A6E91007CF969 /* Group6_projectApp.swift */ = {isa = PBXFileReference; lastKnownFileType = sourcecode.swift; path = Group6_projectApp.swift; sourceTree = "<group>"; };
		120134E92A1A6E91007CF969 /* ContentView.swift */ = {isa = PBXFileReference; lastKnownFileType = sourcecode.swift; path = ContentView.swift; sourceTree = "<group>"; };
		120134EB2A1A6E93007CF969 /* Assets.xcassets */ = {isa = PBXFileReference; lastKnownFileType = folder.assetcatalog; path = Assets.xcassets; sourceTree = "<group>"; };
		120134EE2A1A6E93007CF969 /* Preview Assets.xcassets */ = {isa = PBXFileReference; lastKnownFileType = folder.assetcatalog; path = "Preview Assets.xcassets"; sourceTree = "<group>"; };
		120134FC2A1E62CB007CF969 /* CraftingView.swift */ = {isa = PBXFileReference; lastKnownFileType = sourcecode.swift; path = CraftingView.swift; sourceTree = "<group>"; };
		120135002A1E67D6007CF969 /* Weapon.obj */ = {isa = PBXFileReference; fileEncoding = 4; lastKnownFileType = text; path = Weapon.obj; sourceTree = "<group>"; };
		123C53162A201D30004E9C70 /* 13586_Steel.jpg */ = {isa = PBXFileReference; lastKnownFileType = image.jpeg; path = 13586_Steel.jpg; sourceTree = "<group>"; };
		123C531B2A21458F004E9C70 /* Widowmaker.obj */ = {isa = PBXFileReference; fileEncoding = 4; lastKnownFileType = text; path = Widowmaker.obj; sourceTree = "<group>"; };
		123C531F2A214783004E9C70 /* Weapon.scn */ = {isa = PBXFileReference; lastKnownFileType = file.bplist; path = Weapon.scn; sourceTree = "<group>"; };
		123C536A2A21486B004E9C70 /* Widow Body D.png */ = {isa = PBXFileReference; lastKnownFileType = image.png; path = "Widow Body D.png"; sourceTree = "<group>"; };
		123C536C2A2148A3004E9C70 /* Widow Hair D.png */ = {isa = PBXFileReference; lastKnownFileType = image.png; path = "Widow Hair D.png"; sourceTree = "<group>"; };
		123C536E2A214949004E9C70 /* Widow Eyes D.png */ = {isa = PBXFileReference; lastKnownFileType = image.png; path = "Widow Eyes D.png"; sourceTree = "<group>"; };
		123C53722A2149CF004E9C70 /* Widowmaker.scn */ = {isa = PBXFileReference; lastKnownFileType = file.bplist; path = Widowmaker.scn; sourceTree = "<group>"; };
		123C53782A239F1E004E9C70 /* Helmet.obj */ = {isa = PBXFileReference; fileEncoding = 4; lastKnownFileType = text; path = Helmet.obj; sourceTree = "<group>"; };
		123C537C2A23A0C3004E9C70 /* Helmet.scn */ = {isa = PBXFileReference; lastKnownFileType = file.bplist; path = Helmet.scn; sourceTree = "<group>"; };
		123C53802A23A57D004E9C70 /* 13601_Greaves_Armor_ver_C_holder_diff.jpg */ = {isa = PBXFileReference; lastKnownFileType = image.jpeg; path = 13601_Greaves_Armor_ver_C_holder_diff.jpg; sourceTree = "<group>"; };
		123C53812A23A57D004E9C70 /* 13601_Greaves_Armor_ver_C_metal_diff.jpg */ = {isa = PBXFileReference; lastKnownFileType = image.jpeg; path = 13601_Greaves_Armor_ver_C_metal_diff.jpg; sourceTree = "<group>"; };
		123C53842A23A66E004E9C70 /* Legs.obj */ = {isa = PBXFileReference; fileEncoding = 4; lastKnownFileType = text; path = Legs.obj; sourceTree = "<group>"; };
		123C53862A23A703004E9C70 /* Legs.scn */ = {isa = PBXFileReference; lastKnownFileType = file.bplist; path = Legs.scn; sourceTree = "<group>"; };
		123C538C2A24161E004E9C70 /* 12307_Boots_diffuse.jpg */ = {isa = PBXFileReference; lastKnownFileType = image.jpeg; path = 12307_Boots_diffuse.jpg; sourceTree = "<group>"; };
		123C53902A241727004E9C70 /* Boots.obj */ = {isa = PBXFileReference; fileEncoding = 4; lastKnownFileType = text; path = Boots.obj; sourceTree = "<group>"; };
		123C53922A241763004E9C70 /* Boots.scn */ = {isa = PBXFileReference; lastKnownFileType = file.bplist; path = Boots.scn; sourceTree = "<group>"; };
		123C53942A242FDE004E9C70 /* Armor.obj */ = {isa = PBXFileReference; fileEncoding = 4; lastKnownFileType = text; path = Armor.obj; sourceTree = "<group>"; };
		123C53962A243035004E9C70 /* Armor.scn */ = {isa = PBXFileReference; lastKnownFileType = file.bplist; path = Armor.scn; sourceTree = "<group>"; };
/* End PBXFileReference section */

/* Begin PBXFrameworksBuildPhase section */
		120134E12A1A6E91007CF969 /* Frameworks */ = {
			isa = PBXFrameworksBuildPhase;
			buildActionMask = 2147483647;
			files = (
			);
			runOnlyForDeploymentPostprocessing = 0;
		};
/* End PBXFrameworksBuildPhase section */

/* Begin PBXGroup section */
		120134DB2A1A6E91007CF969 = {
			isa = PBXGroup;
			children = (
				120134E62A1A6E91007CF969 /* Group6_project */,
				120134E52A1A6E91007CF969 /* Products */,
			);
			sourceTree = "<group>";
		};
		120134E52A1A6E91007CF969 /* Products */ = {
			isa = PBXGroup;
			children = (
				120134E42A1A6E91007CF969 /* Group6_project.app */,
			);
			name = Products;
			sourceTree = "<group>";
		};
		120134E62A1A6E91007CF969 /* Group6_project */ = {
			isa = PBXGroup;
			children = (
				120134F92A1A72B6007CF969 /* Objects */,
				120134E72A1A6E91007CF969 /* Group6_projectApp.swift */,
				120134E92A1A6E91007CF969 /* ContentView.swift */,
				120134FC2A1E62CB007CF969 /* CraftingView.swift */,
				120134EB2A1A6E93007CF969 /* Assets.xcassets */,
				120134ED2A1A6E93007CF969 /* Preview Content */,
			);
			path = Group6_project;
			sourceTree = "<group>";
		};
		120134ED2A1A6E93007CF969 /* Preview Content */ = {
			isa = PBXGroup;
			children = (
				120134EE2A1A6E93007CF969 /* Preview Assets.xcassets */,
			);
			path = "Preview Content";
			sourceTree = "<group>";
		};
		120134F92A1A72B6007CF969 /* Objects */ = {
			isa = PBXGroup;
			children = (
				123C53212A2147C7004E9C70 /* Texture */,
				123C531B2A21458F004E9C70 /* Widowmaker.obj */,
				123C53722A2149CF004E9C70 /* Widowmaker.scn */,
				120135002A1E67D6007CF969 /* Weapon.obj */,
				123C531F2A214783004E9C70 /* Weapon.scn */,
				123C53782A239F1E004E9C70 /* Helmet.obj */,
				123C537C2A23A0C3004E9C70 /* Helmet.scn */,
				123C53842A23A66E004E9C70 /* Legs.obj */,
				123C53862A23A703004E9C70 /* Legs.scn */,
				123C53902A241727004E9C70 /* Boots.obj */,
				123C53922A241763004E9C70 /* Boots.scn */,
				123C53942A242FDE004E9C70 /* Armor.obj */,
				123C53962A243035004E9C70 /* Armor.scn */,
			);
			path = Objects;
			sourceTree = "<group>";
		};
		123C53212A2147C7004E9C70 /* Texture */ = {
			isa = PBXGroup;
			children = (
				123C53162A201D30004E9C70 /* 13586_Steel.jpg */,
				123C536C2A2148A3004E9C70 /* Widow Hair D.png */,
				123C536E2A214949004E9C70 /* Widow Eyes D.png */,
				123C536A2A21486B004E9C70 /* Widow Body D.png */,
				123C538C2A24161E004E9C70 /* 12307_Boots_diffuse.jpg */,
				123C53802A23A57D004E9C70 /* 13601_Greaves_Armor_ver_C_holder_diff.jpg */,
				123C53812A23A57D004E9C70 /* 13601_Greaves_Armor_ver_C_metal_diff.jpg */,
			);
			path = Texture;
			sourceTree = "<group>";
		};
/* End PBXGroup section */

/* Begin PBXNativeTarget section */
		120134E32A1A6E91007CF969 /* Group6_project */ = {
			isa = PBXNativeTarget;
			buildConfigurationList = 120134F22A1A6E93007CF969 /* Build configuration list for PBXNativeTarget "Group6_project" */;
			buildPhases = (
				120134E02A1A6E91007CF969 /* Sources */,
				120134E12A1A6E91007CF969 /* Frameworks */,
				120134E22A1A6E91007CF969 /* Resources */,
			);
			buildRules = (
			);
			dependencies = (
			);
			name = Group6_project;
			productName = Group6_project;
			productReference = 120134E42A1A6E91007CF969 /* Group6_project.app */;
			productType = "com.apple.product-type.application";
		};
/* End PBXNativeTarget section */

/* Begin PBXProject section */
		120134DC2A1A6E91007CF969 /* Project object */ = {
			isa = PBXProject;
			attributes = {
				BuildIndependentTargetsInParallel = 1;
				LastSwiftUpdateCheck = 1430;
				LastUpgradeCheck = 1430;
				TargetAttributes = {
					120134E32A1A6E91007CF969 = {
						CreatedOnToolsVersion = 14.3;
					};
				};
			};
			buildConfigurationList = 120134DF2A1A6E91007CF969 /* Build configuration list for PBXProject "Group6_project" */;
			compatibilityVersion = "Xcode 14.0";
			developmentRegion = en;
			hasScannedForEncodings = 0;
			knownRegions = (
				en,
				Base,
			);
			mainGroup = 120134DB2A1A6E91007CF969;
			productRefGroup = 120134E52A1A6E91007CF969 /* Products */;
			projectDirPath = "";
			projectRoot = "";
			targets = (
				120134E32A1A6E91007CF969 /* Group6_project */,
			);
		};
/* End PBXProject section */

/* Begin PBXResourcesBuildPhase section */
		120134E22A1A6E91007CF969 /* Resources */ = {
			isa = PBXResourcesBuildPhase;
			buildActionMask = 2147483647;
			files = (
				120134EF2A1A6E93007CF969 /* Preview Assets.xcassets in Resources */,
				123C53202A214783004E9C70 /* Weapon.scn in Resources */,
				123C53932A241763004E9C70 /* Boots.scn in Resources */,
				123C53832A23A57D004E9C70 /* 13601_Greaves_Armor_ver_C_metal_diff.jpg in Resources */,
				123C536D2A2148A3004E9C70 /* Widow Hair D.png in Resources */,
				123C537D2A23A0C3004E9C70 /* Helmet.scn in Resources */,
				123C53872A23A703004E9C70 /* Legs.scn in Resources */,
				123C531C2A21458F004E9C70 /* Widowmaker.obj in Resources */,
				123C53952A242FDE004E9C70 /* Armor.obj in Resources */,
				123C53852A23A66E004E9C70 /* Legs.obj in Resources */,
				123C538D2A24161E004E9C70 /* 12307_Boots_diffuse.jpg in Resources */,
				120135012A1E67D6007CF969 /* Weapon.obj in Resources */,
				123C53172A201D30004E9C70 /* 13586_Steel.jpg in Resources */,
				123C53912A241727004E9C70 /* Boots.obj in Resources */,
				123C53822A23A57D004E9C70 /* 13601_Greaves_Armor_ver_C_holder_diff.jpg in Resources */,
				120134EC2A1A6E93007CF969 /* Assets.xcassets in Resources */,
				123C536F2A214949004E9C70 /* Widow Eyes D.png in Resources */,
				123C53972A243035004E9C70 /* Armor.scn in Resources */,
				123C536B2A21486B004E9C70 /* Widow Body D.png in Resources */,
				123C53732A2149CF004E9C70 /* Widowmaker.scn in Resources */,
				123C53792A239F1E004E9C70 /* Helmet.obj in Resources */,
			);
			runOnlyForDeploymentPostprocessing = 0;
		};
/* End PBXResourcesBuildPhase section */

/* Begin PBXSourcesBuildPhase section */
		120134E02A1A6E91007CF969 /* Sources */ = {
			isa = PBXSourcesBuildPhase;
			buildActionMask = 2147483647;
			files = (
				120134EA2A1A6E91007CF969 /* ContentView.swift in Sources */,
				120134FD2A1E62CB007CF969 /* CraftingView.swift in Sources */,
				120134E82A1A6E91007CF969 /* Group6_projectApp.swift in Sources */,
			);
			runOnlyForDeploymentPostprocessing = 0;
		};
/* End PBXSourcesBuildPhase section */

/* Begin XCBuildConfiguration section */
		120134F02A1A6E93007CF969 /* Debug */ = {
			isa = XCBuildConfiguration;
			buildSettings = {
				ALWAYS_SEARCH_USER_PATHS = NO;
				CLANG_ANALYZER_NONNULL = YES;
				CLANG_ANALYZER_NUMBER_OBJECT_CONVERSION = YES_AGGRESSIVE;
				CLANG_CXX_LANGUAGE_STANDARD = "gnu++20";
				CLANG_ENABLE_MODULES = YES;
				CLANG_ENABLE_OBJC_ARC = YES;
				CLANG_ENABLE_OBJC_WEAK = YES;
				CLANG_WARN_BLOCK_CAPTURE_AUTORELEASING = YES;
				CLANG_WARN_BOOL_CONVERSION = YES;
				CLANG_WARN_COMMA = YES;
				CLANG_WARN_CONSTANT_CONVERSION = YES;
				CLANG_WARN_DEPRECATED_OBJC_IMPLEMENTATIONS = YES;
				CLANG_WARN_DIRECT_OBJC_ISA_USAGE = YES_ERROR;
				CLANG_WARN_DOCUMENTATION_COMMENTS = YES;
				CLANG_WARN_EMPTY_BODY = YES;
				CLANG_WARN_ENUM_CONVERSION = YES;
				CLANG_WARN_INFINITE_RECURSION = YES;
				CLANG_WARN_INT_CONVERSION = YES;
				CLANG_WARN_NON_LITERAL_NULL_CONVERSION = YES;
				CLANG_WARN_OBJC_IMPLICIT_RETAIN_SELF = YES;
				CLANG_WARN_OBJC_LITERAL_CONVERSION = YES;
				CLANG_WARN_OBJC_ROOT_CLASS = YES_ERROR;
				CLANG_WARN_QUOTED_INCLUDE_IN_FRAMEWORK_HEADER = YES;
				CLANG_WARN_RANGE_LOOP_ANALYSIS = YES;
				CLANG_WARN_STRICT_PROTOTYPES = YES;
				CLANG_WARN_SUSPICIOUS_MOVE = YES;
				CLANG_WARN_UNGUARDED_AVAILABILITY = YES_AGGRESSIVE;
				CLANG_WARN_UNREACHABLE_CODE = YES;
				CLANG_WARN__DUPLICATE_METHOD_MATCH = YES;
				COPY_PHASE_STRIP = NO;
				DEBUG_INFORMATION_FORMAT = dwarf;
				ENABLE_STRICT_OBJC_MSGSEND = YES;
				ENABLE_TESTABILITY = YES;
				GCC_C_LANGUAGE_STANDARD = gnu11;
				GCC_DYNAMIC_NO_PIC = NO;
				GCC_NO_COMMON_BLOCKS = YES;
				GCC_OPTIMIZATION_LEVEL = 0;
				GCC_PREPROCESSOR_DEFINITIONS = (
					"DEBUG=1",
					"$(inherited)",
				);
				GCC_WARN_64_TO_32_BIT_CONVERSION = YES;
				GCC_WARN_ABOUT_RETURN_TYPE = YES_ERROR;
				GCC_WARN_UNDECLARED_SELECTOR = YES;
				GCC_WARN_UNINITIALIZED_AUTOS = YES_AGGRESSIVE;
				GCC_WARN_UNUSED_FUNCTION = YES;
				GCC_WARN_UNUSED_VARIABLE = YES;
				IPHONEOS_DEPLOYMENT_TARGET = 16.4;
				MTL_ENABLE_DEBUG_INFO = INCLUDE_SOURCE;
				MTL_FAST_MATH = YES;
				ONLY_ACTIVE_ARCH = YES;
				SDKROOT = iphoneos;
				SWIFT_ACTIVE_COMPILATION_CONDITIONS = DEBUG;
				SWIFT_OPTIMIZATION_LEVEL = "-Onone";
			};
			name = Debug;
		};
		120134F12A1A6E93007CF969 /* Release */ = {
			isa = XCBuildConfiguration;
			buildSettings = {
				ALWAYS_SEARCH_USER_PATHS = NO;
				CLANG_ANALYZER_NONNULL = YES;
				CLANG_ANALYZER_NUMBER_OBJECT_CONVERSION = YES_AGGRESSIVE;
				CLANG_CXX_LANGUAGE_STANDARD = "gnu++20";
				CLANG_ENABLE_MODULES = YES;
				CLANG_ENABLE_OBJC_ARC = YES;
				CLANG_ENABLE_OBJC_WEAK = YES;
				CLANG_WARN_BLOCK_CAPTURE_AUTORELEASING = YES;
				CLANG_WARN_BOOL_CONVERSION = YES;
				CLANG_WARN_COMMA = YES;
				CLANG_WARN_CONSTANT_CONVERSION = YES;
				CLANG_WARN_DEPRECATED_OBJC_IMPLEMENTATIONS = YES;
				CLANG_WARN_DIRECT_OBJC_ISA_USAGE = YES_ERROR;
				CLANG_WARN_DOCUMENTATION_COMMENTS = YES;
				CLANG_WARN_EMPTY_BODY = YES;
				CLANG_WARN_ENUM_CONVERSION = YES;
				CLANG_WARN_INFINITE_RECURSION = YES;
				CLANG_WARN_INT_CONVERSION = YES;
				CLANG_WARN_NON_LITERAL_NULL_CONVERSION = YES;
				CLANG_WARN_OBJC_IMPLICIT_RETAIN_SELF = YES;
				CLANG_WARN_OBJC_LITERAL_CONVERSION = YES;
				CLANG_WARN_OBJC_ROOT_CLASS = YES_ERROR;
				CLANG_WARN_QUOTED_INCLUDE_IN_FRAMEWORK_HEADER = YES;
				CLANG_WARN_RANGE_LOOP_ANALYSIS = YES;
				CLANG_WARN_STRICT_PROTOTYPES = YES;
				CLANG_WARN_SUSPICIOUS_MOVE = YES;
				CLANG_WARN_UNGUARDED_AVAILABILITY = YES_AGGRESSIVE;
				CLANG_WARN_UNREACHABLE_CODE = YES;
				CLANG_WARN__DUPLICATE_METHOD_MATCH = YES;
				COPY_PHASE_STRIP = NO;
				DEBUG_INFORMATION_FORMAT = "dwarf-with-dsym";
				ENABLE_NS_ASSERTIONS = NO;
				ENABLE_STRICT_OBJC_MSGSEND = YES;
				GCC_C_LANGUAGE_STANDARD = gnu11;
				GCC_NO_COMMON_BLOCKS = YES;
				GCC_WARN_64_TO_32_BIT_CONVERSION = YES;
				GCC_WARN_ABOUT_RETURN_TYPE = YES_ERROR;
				GCC_WARN_UNDECLARED_SELECTOR = YES;
				GCC_WARN_UNINITIALIZED_AUTOS = YES_AGGRESSIVE;
				GCC_WARN_UNUSED_FUNCTION = YES;
				GCC_WARN_UNUSED_VARIABLE = YES;
				IPHONEOS_DEPLOYMENT_TARGET = 16.4;
				MTL_ENABLE_DEBUG_INFO = NO;
				MTL_FAST_MATH = YES;
				SDKROOT = iphoneos;
				SWIFT_COMPILATION_MODE = wholemodule;
				SWIFT_OPTIMIZATION_LEVEL = "-O";
				VALIDATE_PRODUCT = YES;
			};
			name = Release;
		};
		120134F32A1A6E93007CF969 /* Debug */ = {
			isa = XCBuildConfiguration;
			buildSettings = {
				ASSETCATALOG_COMPILER_APPICON_NAME = AppIcon;
				ASSETCATALOG_COMPILER_GLOBAL_ACCENT_COLOR_NAME = AccentColor;
				CODE_SIGN_STYLE = Automatic;
				CURRENT_PROJECT_VERSION = 1;
				DEVELOPMENT_ASSET_PATHS = "\"Group6_project/Preview Content\"";
				DEVELOPMENT_TEAM = 2LBKTW54VU;
				ENABLE_PREVIEWS = YES;
				GENERATE_INFOPLIST_FILE = YES;
				INFOPLIST_KEY_UIApplicationSceneManifest_Generation = YES;
				INFOPLIST_KEY_UIApplicationSupportsIndirectInputEvents = YES;
				INFOPLIST_KEY_UILaunchScreen_Generation = YES;
				INFOPLIST_KEY_UISupportedInterfaceOrientations_iPad = "UIInterfaceOrientationPortrait UIInterfaceOrientationPortraitUpsideDown UIInterfaceOrientationLandscapeLeft UIInterfaceOrientationLandscapeRight";
				INFOPLIST_KEY_UISupportedInterfaceOrientations_iPhone = "UIInterfaceOrientationPortrait UIInterfaceOrientationLandscapeLeft UIInterfaceOrientationLandscapeRight";
				LD_RUNPATH_SEARCH_PATHS = (
					"$(inherited)",
					"@executable_path/Frameworks",
				);
				MARKETING_VERSION = 1.0;
				PRODUCT_BUNDLE_IDENTIFIER = "com.wl.Group6-project";
				PRODUCT_NAME = "$(TARGET_NAME)";
				SWIFT_EMIT_LOC_STRINGS = YES;
				SWIFT_VERSION = 5.0;
				TARGETED_DEVICE_FAMILY = "1,2";
			};
			name = Debug;
		};
		120134F42A1A6E93007CF969 /* Release */ = {
			isa = XCBuildConfiguration;
			buildSettings = {
				ASSETCATALOG_COMPILER_APPICON_NAME = AppIcon;
				ASSETCATALOG_COMPILER_GLOBAL_ACCENT_COLOR_NAME = AccentColor;
				CODE_SIGN_STYLE = Automatic;
				CURRENT_PROJECT_VERSION = 1;
				DEVELOPMENT_ASSET_PATHS = "\"Group6_project/Preview Content\"";
				DEVELOPMENT_TEAM = 2LBKTW54VU;
				ENABLE_PREVIEWS = YES;
				GENERATE_INFOPLIST_FILE = YES;
				INFOPLIST_KEY_UIApplicationSceneManifest_Generation = YES;
				INFOPLIST_KEY_UIApplicationSupportsIndirectInputEvents = YES;
				INFOPLIST_KEY_UILaunchScreen_Generation = YES;
				INFOPLIST_KEY_UISupportedInterfaceOrientations_iPad = "UIInterfaceOrientationPortrait UIInterfaceOrientationPortraitUpsideDown UIInterfaceOrientationLandscapeLeft UIInterfaceOrientationLandscapeRight";
				INFOPLIST_KEY_UISupportedInterfaceOrientations_iPhone = "UIInterfaceOrientationPortrait UIInterfaceOrientationLandscapeLeft UIInterfaceOrientationLandscapeRight";
				LD_RUNPATH_SEARCH_PATHS = (
					"$(inherited)",
					"@executable_path/Frameworks",
				);
				MARKETING_VERSION = 1.0;
				PRODUCT_BUNDLE_IDENTIFIER = "com.wl.Group6-project";
				PRODUCT_NAME = "$(TARGET_NAME)";
				SWIFT_EMIT_LOC_STRINGS = YES;
				SWIFT_VERSION = 5.0;
				TARGETED_DEVICE_FAMILY = "1,2";
			};
			name = Release;
		};
/* End XCBuildConfiguration section */

/* Begin XCConfigurationList section */
		120134DF2A1A6E91007CF969 /* Build configuration list for PBXProject "Group6_project" */ = {
			isa = XCConfigurationList;
			buildConfigurations = (
				120134F02A1A6E93007CF969 /* Debug */,
				120134F12A1A6E93007CF969 /* Release */,
			);
			defaultConfigurationIsVisible = 0;
			defaultConfigurationName = Release;
		};
		120134F22A1A6E93007CF969 /* Build configuration list for PBXNativeTarget "Group6_project" */ = {
			isa = XCConfigurationList;
			buildConfigurations = (
				120134F32A1A6E93007CF969 /* Debug */,
				120134F42A1A6E93007CF969 /* Release */,
			);
			defaultConfigurationIsVisible = 0;
			defaultConfigurationName = Release;
		};
/* End XCConfigurationList section */
	};
	rootObject = 120134DC2A1A6E91007CF969 /* Project object */;
}
